
Microsoft Visual Studio Solution File, Format Version 12.00
# Visual Studio Version 16
VisualStudioVersion = 16.0.30907.101
MinimumVisualStudioVersion = 10.0.40219.1
Project("{FAE04EC0-301F-11D3-BF4B-00C04F79EFBC}") = "EmployeeStore_ProxyDesignPattern", "EmployeeStore_ProxyDesignPattern\EmployeeStore_ProxyDesignPattern.csproj", "{73DDB935-86CF-4D74-8B31-9D3B56980E7E}"
EndProject
Global
	GlobalSection(SolutionConfigurationPlatforms) = preSolution
		Debug|Any CPU = Debug|Any CPU
		Release|Any CPU = Release|Any CPU
	EndGlobalSection
	GlobalSection(ProjectConfigurationPlatforms) = postSolution
		{73DDB935-86CF-4D74-8B31-9D3B56980E7E}.Debug|Any CPU.ActiveCfg = Debug|Any CPU
		{73DDB935-86CF-4D74-8B31-9D3B56980E7E}.Debug|Any CPU.Build.0 = Debug|Any CPU
		{73DDB935-86CF-4D74-8B31-9D3B56980E7E}.Release|Any CPU.ActiveCfg = Release|Any CPU
		{73DDB935-86CF-4D74-8B31-9D3B56980E7E}.Release|Any CPU.Build.0 = Release|Any CPU
	EndGlobalSection
	GlobalSection(SolutionProperties) = preSolution
		HideSolutionNode = FALSE
	EndGlobalSection
	GlobalSection(ExtensibilityGlobals) = postSolution
		SolutionGuid = {7EDCF3FC-85B8-4ADE-B4C7-C86F8812A38A}
	EndGlobalSection
EndGlobal
